
Microsoft Visual Studio Solution File, Format Version 12.00
# Visual Studio Version 17
VisualStudioVersion = 17.1.32421.90
MinimumVisualStudioVersion = 10.0.40219.1
Project("{FAE04EC0-301F-11D3-BF4B-00C04F79EFBC}") = "CurvyCakes.Presentation", "CurvyCakes.Presentation\CurvyCakes.Presentation.csproj", "{5E0E561F-1735-4299-B2F5-556AA420553C}"
EndProject
Global
	GlobalSection(SolutionConfigurationPlatforms) = preSolution
		Debug|Any CPU = Debug|Any CPU
		Release|Any CPU = Release|Any CPU
	EndGlobalSection
	GlobalSection(ProjectConfigurationPlatforms) = postSolution
		{5E0E561F-1735-4299-B2F5-556AA420553C}.Debug|Any CPU.ActiveCfg = Debug|Any CPU
		{5E0E561F-1735-4299-B2F5-556AA420553C}.Debug|Any CPU.Build.0 = Debug|Any CPU
		{5E0E561F-1735-4299-B2F5-556AA420553C}.Release|Any CPU.ActiveCfg = Release|Any CPU
		{5E0E561F-1735-4299-B2F5-556AA420553C}.Release|Any CPU.Build.0 = Release|Any CPU
	EndGlobalSection
	GlobalSection(SolutionProperties) = preSolution
		HideSolutionNode = FALSE
	EndGlobalSection
	GlobalSection(ExtensibilityGlobals) = postSolution
		SolutionGuid = {3833842B-1955-4324-8769-D6B6FAE988D4}
	EndGlobalSection
EndGlobal
